
Microsoft Visual Studio Solution File, Format Version 12.00
# Visual Studio Version 17
VisualStudioVersion = 17.5.33414.496
MinimumVisualStudioVersion = 10.0.40219.1
Project("{888888A0-9F3D-457C-B088-3A5042F75D52}") = "ModulePythonApp", "ModulePythonApp\ModulePythonApp.pyproj", "{44D65671-E9B0-4B00-A4BE-6435BDBB8727}"
EndProject
Project("{888888A0-9F3D-457C-B088-3A5042F75D52}") = "EmailSlicer", "EmailSlicer\EmailSlicer.pyproj", "{6FE37F52-6293-49F4-88FD-6228D4B8E256}"
EndProject
Global
	GlobalSection(SolutionConfigurationPlatforms) = preSolution
		Debug|Any CPU = Debug|Any CPU
		Release|Any CPU = Release|Any CPU
	EndGlobalSection
	GlobalSection(ProjectConfigurationPlatforms) = postSolution
		{44D65671-E9B0-4B00-A4BE-6435BDBB8727}.Debug|Any CPU.ActiveCfg = Debug|Any CPU
		{44D65671-E9B0-4B00-A4BE-6435BDBB8727}.Release|Any CPU.ActiveCfg = Release|Any CPU
		{6FE37F52-6293-49F4-88FD-6228D4B8E256}.Debug|Any CPU.ActiveCfg = Debug|Any CPU
		{6FE37F52-6293-49F4-88FD-6228D4B8E256}.Release|Any CPU.ActiveCfg = Release|Any CPU
	EndGlobalSection
	GlobalSection(SolutionProperties) = preSolution
		HideSolutionNode = FALSE
	EndGlobalSection
	GlobalSection(ExtensibilityGlobals) = postSolution
		SolutionGuid = {0F94C7DB-23E7-49FB-848E-9E78A945F5A2}
	EndGlobalSection
EndGlobal
